<?xml version="1.0" encoding="utf-8"?>
<Project ToolsVersion="17.0" xmlns="http://schemas.microsoft.com/developer/msbuild/2003">
  <ItemGroup>
    <ClCompile Include="C:\Users\Matth\source\repos\AntOnACube\AntOnACube\AntOnACube.cpp">
      <Filter>Source Files</Filter>
    </ClCompile>
    <ClCompile Include="C:\Users\Matth\source\repos\AntOnACube\AntOnACube\Graph.cpp">
      <Filter>Source Files</Filter>
    </ClCompile>
    <ClCompile Include="C:\Users\Matth\source\repos\AntOnACube\AntOnACube\Ant.cpp">
      <Filter>Source Files</Filter>
    </ClCompile>
    <ClCompile Include="C:\Users\Matth\source\repos\AntOnACube\AntOnACube\Simulation.cpp">
      <Filter>Source Files</Filter>
    </ClCompile>
  </ItemGroup>
  <ItemGroup>
    <ClInclude Include="C:\Users\Matth\source\repos\AntOnACube\AntOnACube\AntOnACube.h">
      <Filter>Header Files</Filter>
    </ClInclude>
    <ClInclude Include="C:\Users\Matth\source\repos\AntOnACube\AntOnACube\Graph.h">
      <Filter>Header Files</Filter>
    </ClInclude>
    <ClInclude Include="C:\Users\Matth\source\repos\AntOnACube\AntOnACube\Ant.h">
      <Filter>Header Files</Filter>
    </ClInclude>
    <ClInclude Include="C:\Users\Matth\source\repos\AntOnACube\AntOnACube\Simulation.h">
      <Filter>Header Files</Filter>
    </ClInclude>
  </ItemGroup>
  <ItemGroup>
    <CustomBuild Include="C:\Users\Matth\source\repos\AntOnACube\AntOnACube\CMakeLists.txt" />
  </ItemGroup>
  <ItemGroup>
    <Filter Include="Header Files">
      <UniqueIdentifier>{DEF0AFE8-E37B-33DB-9C09-C185C7433739}</UniqueIdentifier>
    </Filter>
    <Filter Include="Source Files">
      <UniqueIdentifier>{0220F6BA-01D7-32E6-9E97-7E0F3C528E0C}</UniqueIdentifier>
    </Filter>
  </ItemGroup>
</Project>
