
Microsoft Visual Studio Solution File, Format Version 12.00
# Visual Studio Version 17
Project("{8BC9CEB8-8B4A-11D0-8D11-00A0C91BC942}") = "ALL_BUILD", "ALL_BUILD.vcxproj", "{D95D0292-9C8A-3AC1-87AC-EA060039C5F6}"
	ProjectSection(ProjectDependencies) = postProject
		{0D259A86-08B7-376E-968A-1844B0FE9285} = {0D259A86-08B7-376E-968A-1844B0FE9285}
		{83393238-352B-3998-98E6-57189888D914} = {83393238-352B-3998-98E6-57189888D914}
	EndProjectSection
EndProject
Project("{8BC9CEB8-8B4A-11D0-8D11-00A0C91BC942}") = "AntOnACube", "AntOnACube.vcxproj", "{0D259A86-08B7-376E-968A-1844B0FE9285}"
	ProjectSection(ProjectDependencies) = postProject
		{83393238-352B-3998-98E6-57189888D914} = {83393238-352B-3998-98E6-57189888D914}
	EndProjectSection
EndProject
Project("{8BC9CEB8-8B4A-11D0-8D11-00A0C91BC942}") = "ZERO_CHECK", "ZERO_CHECK.vcxproj", "{83393238-352B-3998-98E6-57189888D914}"
	ProjectSection(ProjectDependencies) = postProject
	EndProjectSection
EndProject
Global
	GlobalSection(SolutionConfigurationPlatforms) = preSolution
		Debug|x64 = Debug|x64
		Release|x64 = Release|x64
		MinSizeRel|x64 = MinSizeRel|x64
		RelWithDebInfo|x64 = RelWithDebInfo|x64
	EndGlobalSection
	GlobalSection(ProjectConfigurationPlatforms) = postSolution
		{D95D0292-9C8A-3AC1-87AC-EA060039C5F6}.Debug|x64.ActiveCfg = Debug|x64
		{D95D0292-9C8A-3AC1-87AC-EA060039C5F6}.Release|x64.ActiveCfg = Release|x64
		{D95D0292-9C8A-3AC1-87AC-EA060039C5F6}.MinSizeRel|x64.ActiveCfg = MinSizeRel|x64
		{D95D0292-9C8A-3AC1-87AC-EA060039C5F6}.RelWithDebInfo|x64.ActiveCfg = RelWithDebInfo|x64
		{0D259A86-08B7-376E-968A-1844B0FE9285}.Debug|x64.ActiveCfg = Debug|x64
		{0D259A86-08B7-376E-968A-1844B0FE9285}.Debug|x64.Build.0 = Debug|x64
		{0D259A86-08B7-376E-968A-1844B0FE9285}.Release|x64.ActiveCfg = Release|x64
		{0D259A86-08B7-376E-968A-1844B0FE9285}.Release|x64.Build.0 = Release|x64
		{0D259A86-08B7-376E-968A-1844B0FE9285}.MinSizeRel|x64.ActiveCfg = MinSizeRel|x64
		{0D259A86-08B7-376E-968A-1844B0FE9285}.MinSizeRel|x64.Build.0 = MinSizeRel|x64
		{0D259A86-08B7-376E-968A-1844B0FE9285}.RelWithDebInfo|x64.ActiveCfg = RelWithDebInfo|x64
		{0D259A86-08B7-376E-968A-1844B0FE9285}.RelWithDebInfo|x64.Build.0 = RelWithDebInfo|x64
		{83393238-352B-3998-98E6-57189888D914}.Debug|x64.ActiveCfg = Debug|x64
		{83393238-352B-3998-98E6-57189888D914}.Debug|x64.Build.0 = Debug|x64
		{83393238-352B-3998-98E6-57189888D914}.Release|x64.ActiveCfg = Release|x64
		{83393238-352B-3998-98E6-57189888D914}.Release|x64.Build.0 = Release|x64
		{83393238-352B-3998-98E6-57189888D914}.MinSizeRel|x64.ActiveCfg = MinSizeRel|x64
		{83393238-352B-3998-98E6-57189888D914}.MinSizeRel|x64.Build.0 = MinSizeRel|x64
		{83393238-352B-3998-98E6-57189888D914}.RelWithDebInfo|x64.ActiveCfg = RelWithDebInfo|x64
		{83393238-352B-3998-98E6-57189888D914}.RelWithDebInfo|x64.Build.0 = RelWithDebInfo|x64
	EndGlobalSection
	GlobalSection(ExtensibilityGlobals) = postSolution
		SolutionGuid = {247C6F2A-1C45-3107-82A9-E2B4706DB6C5}
	EndGlobalSection
	GlobalSection(ExtensibilityAddIns) = postSolution
	EndGlobalSection
EndGlobal
